PODS:
  - Alamofire (4.7.3)
  - AlamofireImage (3.4.1):
    - Alamofire (~> 4.7)
  - DetalhesMoedas (0.1.0)
  - ModCommons (0.1.0)
  - SwiftLint (0.43.1)

DEPENDENCIES:
  - Alamofire (~> 4.7.0)
  - AlamofireImage (~> 3.4.0)
  - DetalhesMoedas (from `../`)
  - ModCommons (from `https://github.com/leojportes/CriptoBeca`, branch `develop`)
  - SwiftLint

SPEC REPOS:
  trunk:
    - Alamofire
    - AlamofireImage
    - SwiftLint

EXTERNAL SOURCES:
  DetalhesMoedas:
    :path: "../"
  ModCommons:
    :branch: develop
    :git: https://github.com/leojportes/CriptoBeca

CHECKOUT OPTIONS:
  ModCommons:
    :commit: ecb97af9c7240a6956bfb29a392790a9c73b15df
    :git: https://github.com/leojportes/CriptoBeca

SPEC CHECKSUMS:
  Alamofire: c7287b6e5d7da964a70935e5db17046b7fde6568
  AlamofireImage: 78d67ccbb763d87ba44b21583d2153500a195630
  DetalhesMoedas: 145cd938ff6918c8345eb18f63b8b38438b370bb
  ModCommons: afbb2c0923d5ef309e169b0a2a35ab9d42d00193
  SwiftLint: 99f82d07b837b942dd563c668de129a03fc3fb52

PODFILE CHECKSUM: 3b2b6a12834a0e6fe1c149d08cb4b309bf1d7ff3

COCOAPODS: 1.10.1
